
Microsoft Visual Studio Solution File, Format Version 12.00
# Visual Studio Version 16
VisualStudioVersion = 16.6.30114.105
MinimumVisualStudioVersion = 10.0.40219.1
Project("{FAE04EC0-301F-11D3-BF4B-00C04F79EFBC}") = "data-structure-stack", "data-structure-stack\data-structure-stack.csproj", "{FEC7DA39-FEFD-4A96-814A-623787A8B4E7}"
EndProject
Project("{FAE04EC0-301F-11D3-BF4B-00C04F79EFBC}") = "data-structure-stack-test", "data-structure-stack-test\data-structure-stack-test.csproj", "{A5688C1B-503A-44E3-BC78-735A65D83B06}"
EndProject
Global
	GlobalSection(SolutionConfigurationPlatforms) = preSolution
		Debug|Any CPU = Debug|Any CPU
		Debug|x64 = Debug|x64
		Debug|x86 = Debug|x86
		Release|Any CPU = Release|Any CPU
		Release|x64 = Release|x64
		Release|x86 = Release|x86
	EndGlobalSection
	GlobalSection(SolutionProperties) = preSolution
		HideSolutionNode = FALSE
	EndGlobalSection
	GlobalSection(ProjectConfigurationPlatforms) = postSolution
		{FEC7DA39-FEFD-4A96-814A-623787A8B4E7}.Debug|Any CPU.ActiveCfg = Debug|Any CPU
		{FEC7DA39-FEFD-4A96-814A-623787A8B4E7}.Debug|Any CPU.Build.0 = Debug|Any CPU
		{FEC7DA39-FEFD-4A96-814A-623787A8B4E7}.Debug|x64.ActiveCfg = Debug|Any CPU
		{FEC7DA39-FEFD-4A96-814A-623787A8B4E7}.Debug|x64.Build.0 = Debug|Any CPU
		{FEC7DA39-FEFD-4A96-814A-623787A8B4E7}.Debug|x86.ActiveCfg = Debug|Any CPU
		{FEC7DA39-FEFD-4A96-814A-623787A8B4E7}.Debug|x86.Build.0 = Debug|Any CPU
		{FEC7DA39-FEFD-4A96-814A-623787A8B4E7}.Release|Any CPU.ActiveCfg = Release|Any CPU
		{FEC7DA39-FEFD-4A96-814A-623787A8B4E7}.Release|Any CPU.Build.0 = Release|Any CPU
		{FEC7DA39-FEFD-4A96-814A-623787A8B4E7}.Release|x64.ActiveCfg = Release|Any CPU
		{FEC7DA39-FEFD-4A96-814A-623787A8B4E7}.Release|x64.Build.0 = Release|Any CPU
		{FEC7DA39-FEFD-4A96-814A-623787A8B4E7}.Release|x86.ActiveCfg = Release|Any CPU
		{FEC7DA39-FEFD-4A96-814A-623787A8B4E7}.Release|x86.Build.0 = Release|Any CPU
		{A5688C1B-503A-44E3-BC78-735A65D83B06}.Debug|Any CPU.ActiveCfg = Debug|Any CPU
		{A5688C1B-503A-44E3-BC78-735A65D83B06}.Debug|Any CPU.Build.0 = Debug|Any CPU
		{A5688C1B-503A-44E3-BC78-735A65D83B06}.Debug|x64.ActiveCfg = Debug|Any CPU
		{A5688C1B-503A-44E3-BC78-735A65D83B06}.Debug|x64.Build.0 = Debug|Any CPU
		{A5688C1B-503A-44E3-BC78-735A65D83B06}.Debug|x86.ActiveCfg = Debug|Any CPU
		{A5688C1B-503A-44E3-BC78-735A65D83B06}.Debug|x86.Build.0 = Debug|Any CPU
		{A5688C1B-503A-44E3-BC78-735A65D83B06}.Release|Any CPU.ActiveCfg = Release|Any CPU
		{A5688C1B-503A-44E3-BC78-735A65D83B06}.Release|Any CPU.Build.0 = Release|Any CPU
		{A5688C1B-503A-44E3-BC78-735A65D83B06}.Release|x64.ActiveCfg = Release|Any CPU
		{A5688C1B-503A-44E3-BC78-735A65D83B06}.Release|x64.Build.0 = Release|Any CPU
		{A5688C1B-503A-44E3-BC78-735A65D83B06}.Release|x86.ActiveCfg = Release|Any CPU
		{A5688C1B-503A-44E3-BC78-735A65D83B06}.Release|x86.Build.0 = Release|Any CPU
	EndGlobalSection
EndGlobal
